
Microsoft Visual Studio Solution File, Format Version 12.00
# Visual Studio Version 16
VisualStudioVersion = 16.0.30717.126
MinimumVisualStudioVersion = 10.0.40219.1
Project("{9A19103F-16F7-4668-BE54-9A1E7A4F7556}") = "KafkaProducer", "KafkaProducer\KafkaProducer.csproj", "{B84D8CC7-51D6-4200-907C-ED4CCE407357}"
EndProject
Project("{FAE04EC0-301F-11D3-BF4B-00C04F79EFBC}") = "KafkaConsumer", "KafkaConsumer\KafkaConsumer.csproj", "{383A23E1-AAC4-489E-B60C-6B2A7829BB76}"
EndProject
Global
	GlobalSection(SolutionConfigurationPlatforms) = preSolution
		Debug|Any CPU = Debug|Any CPU
		Release|Any CPU = Release|Any CPU
	EndGlobalSection
	GlobalSection(ProjectConfigurationPlatforms) = postSolution
		{B84D8CC7-51D6-4200-907C-ED4CCE407357}.Debug|Any CPU.ActiveCfg = Debug|Any CPU
		{B84D8CC7-51D6-4200-907C-ED4CCE407357}.Debug|Any CPU.Build.0 = Debug|Any CPU
		{B84D8CC7-51D6-4200-907C-ED4CCE407357}.Release|Any CPU.ActiveCfg = Release|Any CPU
		{B84D8CC7-51D6-4200-907C-ED4CCE407357}.Release|Any CPU.Build.0 = Release|Any CPU
		{383A23E1-AAC4-489E-B60C-6B2A7829BB76}.Debug|Any CPU.ActiveCfg = Debug|Any CPU
		{383A23E1-AAC4-489E-B60C-6B2A7829BB76}.Debug|Any CPU.Build.0 = Debug|Any CPU
		{383A23E1-AAC4-489E-B60C-6B2A7829BB76}.Release|Any CPU.ActiveCfg = Release|Any CPU
		{383A23E1-AAC4-489E-B60C-6B2A7829BB76}.Release|Any CPU.Build.0 = Release|Any CPU
	EndGlobalSection
	GlobalSection(SolutionProperties) = preSolution
		HideSolutionNode = FALSE
	EndGlobalSection
	GlobalSection(ExtensibilityGlobals) = postSolution
		SolutionGuid = {5EDBC132-8A31-4EC3-A30E-9E4AF6781C9E}
	EndGlobalSection
EndGlobal
